
Microsoft Visual Studio Solution File, Format Version 12.00
# Visual Studio Version 16
VisualStudioVersion = 16.0.32510.428
MinimumVisualStudioVersion = 10.0.40219.1
Project("{FAE04EC0-301F-11D3-BF4B-00C04F79EFBC}") = "Muhasebe", "Muhasebe\Muhasebe.csproj", "{E301B68D-2106-429F-807A-CC01501EDC0F}"
EndProject
Global
	GlobalSection(SolutionConfigurationPlatforms) = preSolution
		Debug|Any CPU = Debug|Any CPU
		Release|Any CPU = Release|Any CPU
	EndGlobalSection
	GlobalSection(ProjectConfigurationPlatforms) = postSolution
		{E301B68D-2106-429F-807A-CC01501EDC0F}.Debug|Any CPU.ActiveCfg = Debug|Any CPU
		{E301B68D-2106-429F-807A-CC01501EDC0F}.Debug|Any CPU.Build.0 = Debug|Any CPU
		{E301B68D-2106-429F-807A-CC01501EDC0F}.Release|Any CPU.ActiveCfg = Release|Any CPU
		{E301B68D-2106-429F-807A-CC01501EDC0F}.Release|Any CPU.Build.0 = Release|Any CPU
	EndGlobalSection
	GlobalSection(SolutionProperties) = preSolution
		HideSolutionNode = FALSE
	EndGlobalSection
	GlobalSection(ExtensibilityGlobals) = postSolution
		SolutionGuid = {BADAA7C7-3319-4349-A4B8-6DBAF300A256}
	EndGlobalSection
EndGlobal
